
Microsoft Visual Studio Solution File, Format Version 12.00
# Visual Studio 15
VisualStudioVersion = 15.0.26730.10
MinimumVisualStudioVersion = 10.0.40219.1
Project("{FAE04EC0-301F-11D3-BF4B-00C04F79EFBC}") = "KannaFarmByMonoGame", "KannaFarmByMonoGame\KannaFarmByMonoGame.csproj", "{0433356E-AC6F-444B-894C-969886A7DAB5}"
EndProject
Global
	GlobalSection(SolutionConfigurationPlatforms) = preSolution
		Debug|x86 = Debug|x86
		Release|x86 = Release|x86
	EndGlobalSection
	GlobalSection(ProjectConfigurationPlatforms) = postSolution
		{0433356E-AC6F-444B-894C-969886A7DAB5}.Debug|x86.ActiveCfg = Debug|x86
		{0433356E-AC6F-444B-894C-969886A7DAB5}.Debug|x86.Build.0 = Debug|x86
		{0433356E-AC6F-444B-894C-969886A7DAB5}.Release|x86.ActiveCfg = Release|x86
		{0433356E-AC6F-444B-894C-969886A7DAB5}.Release|x86.Build.0 = Release|x86
	EndGlobalSection
	GlobalSection(SolutionProperties) = preSolution
		HideSolutionNode = FALSE
	EndGlobalSection
	GlobalSection(ExtensibilityGlobals) = postSolution
		SolutionGuid = {B70B59BE-C086-4192-844C-471E34D4A695}
	EndGlobalSection
EndGlobal
